// !$*UTF8*$!
{
	archiveVersion = 1;
	classes = {
	};
	objectVersion = 46;
	objects = {

/* Begin PBXBuildFile section */
		2C08DE631EC603ED00F95629 /* AppDelegate.swift in Sources */ = {isa = PBXBuildFile; fileRef = 2C08DE621EC603ED00F95629 /* AppDelegate.swift */; };
		2C08DE681EC603ED00F95629 /* Main.storyboard in Resources */ = {isa = PBXBuildFile; fileRef = 2C08DE661EC603ED00F95629 /* Main.storyboard */; };
		2C08DE6A1EC603ED00F95629 /* Assets.xcassets in Resources */ = {isa = PBXBuildFile; fileRef = 2C08DE691EC603ED00F95629 /* Assets.xcassets */; };
		2C08DE6D1EC603ED00F95629 /* LaunchScreen.storyboard in Resources */ = {isa = PBXBuildFile; fileRef = 2C08DE6B1EC603ED00F95629 /* LaunchScreen.storyboard */; };
		2C08DE781EC603ED00F95629 /* VivintSolarDemoTests.swift in Sources */ = {isa = PBXBuildFile; fileRef = 2C08DE771EC603ED00F95629 /* VivintSolarDemoTests.swift */; };
		2C08DE831EC6078C00F95629 /* PeopleTableViewController.swift in Sources */ = {isa = PBXBuildFile; fileRef = 2C08DE821EC6078C00F95629 /* PeopleTableViewController.swift */; };
		2C08DE851EC60A7600F95629 /* PeopleWebService.swift in Sources */ = {isa = PBXBuildFile; fileRef = 2C08DE841EC60A7600F95629 /* PeopleWebService.swift */; };
		2C08DE901EC62D1E00F95629 /* VivintSolarDemoModel.xcdatamodeld in Sources */ = {isa = PBXBuildFile; fileRef = 2C08DE8E1EC62D1E00F95629 /* VivintSolarDemoModel.xcdatamodeld */; };
		2C08DE921EC62DD700F95629 /* PeopleCoreDataService.swift in Sources */ = {isa = PBXBuildFile; fileRef = 2C08DE911EC62DD700F95629 /* PeopleCoreDataService.swift */; };
		2C2B86501EC67A0E003A5222 /* ThumbnailImageDownloader.swift in Sources */ = {isa = PBXBuildFile; fileRef = 2C2B864F1EC67A0E003A5222 /* ThumbnailImageDownloader.swift */; };
		2C2B86521EC68EE5003A5222 /* NumberOfPeopleTableViewController.swift in Sources */ = {isa = PBXBuildFile; fileRef = 2C2B86511EC68EE5003A5222 /* NumberOfPeopleTableViewController.swift */; };
/* End PBXBuildFile section */

/* Begin PBXContainerItemProxy section */
		2C08DE741EC603ED00F95629 /* PBXContainerItemProxy */ = {
			isa = PBXContainerItemProxy;
			containerPortal = 2C08DE571EC603ED00F95629 /* Project object */;
			proxyType = 1;
			remoteGlobalIDString = 2C08DE5E1EC603ED00F95629;
			remoteInfo = VivintSolarDemo;
		};
/* End PBXContainerItemProxy section */

/* Begin PBXFileReference section */
		2C08DE5F1EC603ED00F95629 /* VivintSolarDemo.app */ = {isa = PBXFileReference; explicitFileType = wrapper.application; includeInIndex = 0; path = VivintSolarDemo.app; sourceTree = BUILT_PRODUCTS_DIR; };
		2C08DE621EC603ED00F95629 /* AppDelegate.swift */ = {isa = PBXFileReference; lastKnownFileType = sourcecode.swift; path = AppDelegate.swift; sourceTree = "<group>"; };
		2C08DE671EC603ED00F95629 /* Base */ = {isa = PBXFileReference; lastKnownFileType = file.storyboard; name = Base; path = Base.lproj/Main.storyboard; sourceTree = "<group>"; };
		2C08DE691EC603ED00F95629 /* Assets.xcassets */ = {isa = PBXFileReference; lastKnownFileType = folder.assetcatalog; path = Assets.xcassets; sourceTree = "<group>"; };
		2C08DE6C1EC603ED00F95629 /* Base */ = {isa = PBXFileReference; lastKnownFileType = file.storyboard; name = Base; path = Base.lproj/LaunchScreen.storyboard; sourceTree = "<group>"; };
		2C08DE6E1EC603ED00F95629 /* Info.plist */ = {isa = PBXFileReference; lastKnownFileType = text.plist.xml; path = Info.plist; sourceTree = "<group>"; };
		2C08DE731EC603ED00F95629 /* VivintSolarDemoTests.xctest */ = {isa = PBXFileReference; explicitFileType = wrapper.cfbundle; includeInIndex = 0; path = VivintSolarDemoTests.xctest; sourceTree = BUILT_PRODUCTS_DIR; };
		2C08DE771EC603ED00F95629 /* VivintSolarDemoTests.swift */ = {isa = PBXFileReference; lastKnownFileType = sourcecode.swift; path = VivintSolarDemoTests.swift; sourceTree = "<group>"; };
		2C08DE791EC603ED00F95629 /* Info.plist */ = {isa = PBXFileReference; lastKnownFileType = text.plist.xml; path = Info.plist; sourceTree = "<group>"; };
		2C08DE821EC6078C00F95629 /* PeopleTableViewController.swift */ = {isa = PBXFileReference; fileEncoding = 4; lastKnownFileType = sourcecode.swift; path = PeopleTableViewController.swift; sourceTree = "<group>"; };
		2C08DE841EC60A7600F95629 /* PeopleWebService.swift */ = {isa = PBXFileReference; fileEncoding = 4; lastKnownFileType = sourcecode.swift; path = PeopleWebService.swift; sourceTree = "<group>"; };
		2C08DE8F1EC62D1E00F95629 /* VivintSolarDemoModel.xcdatamodel */ = {isa = PBXFileReference; lastKnownFileType = wrapper.xcdatamodel; path = VivintSolarDemoModel.xcdatamodel; sourceTree = "<group>"; };
		2C08DE911EC62DD700F95629 /* PeopleCoreDataService.swift */ = {isa = PBXFileReference; fileEncoding = 4; lastKnownFileType = sourcecode.swift; path = PeopleCoreDataService.swift; sourceTree = "<group>"; };
		2C2B864F1EC67A0E003A5222 /* ThumbnailImageDownloader.swift */ = {isa = PBXFileReference; fileEncoding = 4; lastKnownFileType = sourcecode.swift; path = ThumbnailImageDownloader.swift; sourceTree = "<group>"; };
		2C2B86511EC68EE5003A5222 /* NumberOfPeopleTableViewController.swift */ = {isa = PBXFileReference; fileEncoding = 4; lastKnownFileType = sourcecode.swift; path = NumberOfPeopleTableViewController.swift; sourceTree = "<group>"; };
/* End PBXFileReference section */

/* Begin PBXFrameworksBuildPhase section */
		2C08DE5C1EC603ED00F95629 /* Frameworks */ = {
			isa = PBXFrameworksBuildPhase;
			buildActionMask = 2147483647;
			files = (
			);
			runOnlyForDeploymentPostprocessing = 0;
		};
		2C08DE701EC603ED00F95629 /* Frameworks */ = {
			isa = PBXFrameworksBuildPhase;
			buildActionMask = 2147483647;
			files = (
			);
			runOnlyForDeploymentPostprocessing = 0;
		};
/* End PBXFrameworksBuildPhase section */

/* Begin PBXGroup section */
		2C08DE561EC603ED00F95629 = {
			isa = PBXGroup;
			children = (
				2C08DE611EC603ED00F95629 /* VivintSolarDemo */,
				2C08DE761EC603ED00F95629 /* VivintSolarDemoTests */,
				2C08DE601EC603ED00F95629 /* Products */,
			);
			sourceTree = "<group>";
		};
		2C08DE601EC603ED00F95629 /* Products */ = {
			isa = PBXGroup;
			children = (
				2C08DE5F1EC603ED00F95629 /* VivintSolarDemo.app */,
				2C08DE731EC603ED00F95629 /* VivintSolarDemoTests.xctest */,
			);
			name = Products;
			sourceTree = "<group>";
		};
		2C08DE611EC603ED00F95629 /* VivintSolarDemo */ = {
			isa = PBXGroup;
			children = (
				2C08DE621EC603ED00F95629 /* AppDelegate.swift */,
				2C08DE911EC62DD700F95629 /* PeopleCoreDataService.swift */,
				2C08DE841EC60A7600F95629 /* PeopleWebService.swift */,
				2C2B864F1EC67A0E003A5222 /* ThumbnailImageDownloader.swift */,
				2C08DE821EC6078C00F95629 /* PeopleTableViewController.swift */,
				2C2B86511EC68EE5003A5222 /* NumberOfPeopleTableViewController.swift */,
				2C08DE8E1EC62D1E00F95629 /* VivintSolarDemoModel.xcdatamodeld */,
				2C08DE661EC603ED00F95629 /* Main.storyboard */,
				2C08DE691EC603ED00F95629 /* Assets.xcassets */,
				2C08DE6B1EC603ED00F95629 /* LaunchScreen.storyboard */,
				2C08DE6E1EC603ED00F95629 /* Info.plist */,
			);
			path = VivintSolarDemo;
			sourceTree = "<group>";
		};
		2C08DE761EC603ED00F95629 /* VivintSolarDemoTests */ = {
			isa = PBXGroup;
			children = (
				2C08DE771EC603ED00F95629 /* VivintSolarDemoTests.swift */,
				2C08DE791EC603ED00F95629 /* Info.plist */,
			);
			path = VivintSolarDemoTests;
			sourceTree = "<group>";
		};
/* End PBXGroup section */

/* Begin PBXNativeTarget section */
		2C08DE5E1EC603ED00F95629 /* VivintSolarDemo */ = {
			isa = PBXNativeTarget;
			buildConfigurationList = 2C08DE7C1EC603ED00F95629 /* Build configuration list for PBXNativeTarget "VivintSolarDemo" */;
			buildPhases = (
				2C08DE5B1EC603ED00F95629 /* Sources */,
				2C08DE5C1EC603ED00F95629 /* Frameworks */,
				2C08DE5D1EC603ED00F95629 /* Resources */,
			);
			buildRules = (
			);
			dependencies = (
			);
			name = VivintSolarDemo;
			productName = VivintSolarDemo;
			productReference = 2C08DE5F1EC603ED00F95629 /* VivintSolarDemo.app */;
			productType = "com.apple.product-type.application";
		};
		2C08DE721EC603ED00F95629 /* VivintSolarDemoTests */ = {
			isa = PBXNativeTarget;
			buildConfigurationList = 2C08DE7F1EC603ED00F95629 /* Build configuration list for PBXNativeTarget "VivintSolarDemoTests" */;
			buildPhases = (
				2C08DE6F1EC603ED00F95629 /* Sources */,
				2C08DE701EC603ED00F95629 /* Frameworks */,
				2C08DE711EC603ED00F95629 /* Resources */,
			);
			buildRules = (
			);
			dependencies = (
				2C08DE751EC603ED00F95629 /* PBXTargetDependency */,
			);
			name = VivintSolarDemoTests;
			productName = VivintSolarDemoTests;
			productReference = 2C08DE731EC603ED00F95629 /* VivintSolarDemoTests.xctest */;
			productType = "com.apple.product-type.bundle.unit-test";
		};
/* End PBXNativeTarget section */

/* Begin PBXProject section */
		2C08DE571EC603ED00F95629 /* Project object */ = {
			isa = PBXProject;
			attributes = {
				LastSwiftUpdateCheck = 0830;
				LastUpgradeCheck = 0830;
				ORGANIZATIONNAME = "Michelle Tessier";
				TargetAttributes = {
					2C08DE5E1EC603ED00F95629 = {
						CreatedOnToolsVersion = 8.3.2;
						DevelopmentTeam = Y7NU24T95U;
						ProvisioningStyle = Automatic;
					};
					2C08DE721EC603ED00F95629 = {
						CreatedOnToolsVersion = 8.3.2;
						DevelopmentTeam = Y7NU24T95U;
						ProvisioningStyle = Automatic;
						TestTargetID = 2C08DE5E1EC603ED00F95629;
					};
				};
			};
			buildConfigurationList = 2C08DE5A1EC603ED00F95629 /* Build configuration list for PBXProject "VivintSolarDemo" */;
			compatibilityVersion = "Xcode 3.2";
			developmentRegion = English;
			hasScannedForEncodings = 0;
			knownRegions = (
				en,
				Base,
			);
			mainGroup = 2C08DE561EC603ED00F95629;
			productRefGroup = 2C08DE601EC603ED00F95629 /* Products */;
			projectDirPath = "";
			projectRoot = "";
			targets = (
				2C08DE5E1EC603ED00F95629 /* VivintSolarDemo */,
				2C08DE721EC603ED00F95629 /* VivintSolarDemoTests */,
			);
		};
/* End PBXProject section */

/* Begin PBXResourcesBuildPhase section */
		2C08DE5D1EC603ED00F95629 /* Resources */ = {
			isa = PBXResourcesBuildPhase;
			buildActionMask = 2147483647;
			files = (
				2C08DE6D1EC603ED00F95629 /* LaunchScreen.storyboard in Resources */,
				2C08DE6A1EC603ED00F95629 /* Assets.xcassets in Resources */,
				2C08DE681EC603ED00F95629 /* Main.storyboard in Resources */,
			);
			runOnlyForDeploymentPostprocessing = 0;
		};
		2C08DE711EC603ED00F95629 /* Resources */ = {
			isa = PBXResourcesBuildPhase;
			buildActionMask = 2147483647;
			files = (
			);
			runOnlyForDeploymentPostprocessing = 0;
		};
/* End PBXResourcesBuildPhase section */

/* Begin PBXSourcesBuildPhase section */
		2C08DE5B1EC603ED00F95629 /* Sources */ = {
			isa = PBXSourcesBuildPhase;
			buildActionMask = 2147483647;
			files = (
				2C08DE851EC60A7600F95629 /* PeopleWebService.swift in Sources */,
				2C2B86501EC67A0E003A5222 /* ThumbnailImageDownloader.swift in Sources */,
				2C08DE831EC6078C00F95629 /* PeopleTableViewController.swift in Sources */,
				2C08DE901EC62D1E00F95629 /* VivintSolarDemoModel.xcdatamodeld in Sources */,
				2C2B86521EC68EE5003A5222 /* NumberOfPeopleTableViewController.swift in Sources */,
				2C08DE631EC603ED00F95629 /* AppDelegate.swift in Sources */,
				2C08DE921EC62DD700F95629 /* PeopleCoreDataService.swift in Sources */,
			);
			runOnlyForDeploymentPostprocessing = 0;
		};
		2C08DE6F1EC603ED00F95629 /* Sources */ = {
			isa = PBXSourcesBuildPhase;
			buildActionMask = 2147483647;
			files = (
				2C08DE781EC603ED00F95629 /* VivintSolarDemoTests.swift in Sources */,
			);
			runOnlyForDeploymentPostprocessing = 0;
		};
/* End PBXSourcesBuildPhase section */

/* Begin PBXTargetDependency section */
		2C08DE751EC603ED00F95629 /* PBXTargetDependency */ = {
			isa = PBXTargetDependency;
			target = 2C08DE5E1EC603ED00F95629 /* VivintSolarDemo */;
			targetProxy = 2C08DE741EC603ED00F95629 /* PBXContainerItemProxy */;
		};
/* End PBXTargetDependency section */

/* Begin PBXVariantGroup section */
		2C08DE661EC603ED00F95629 /* Main.storyboard */ = {
			isa = PBXVariantGroup;
			children = (
				2C08DE671EC603ED00F95629 /* Base */,
			);
			name = Main.storyboard;
			sourceTree = "<group>";
		};
		2C08DE6B1EC603ED00F95629 /* LaunchScreen.storyboard */ = {
			isa = PBXVariantGroup;
			children = (
				2C08DE6C1EC603ED00F95629 /* Base */,
			);
			name = LaunchScreen.storyboard;
			sourceTree = "<group>";
		};
/* End PBXVariantGroup section */

/* Begin XCBuildConfiguration section */
		2C08DE7A1EC603ED00F95629 /* Debug */ = {
			isa = XCBuildConfiguration;
			buildSettings = {
				ALWAYS_SEARCH_USER_PATHS = NO;
				CLANG_ANALYZER_NONNULL = YES;
				CLANG_ANALYZER_NUMBER_OBJECT_CONVERSION = YES_AGGRESSIVE;
				CLANG_CXX_LANGUAGE_STANDARD = "gnu++0x";
				CLANG_CXX_LIBRARY = "libc++";
				CLANG_ENABLE_MODULES = YES;
				CLANG_ENABLE_OBJC_ARC = YES;
				CLANG_WARN_BOOL_CONVERSION = YES;
				CLANG_WARN_CONSTANT_CONVERSION = YES;
				CLANG_WARN_DIRECT_OBJC_ISA_USAGE = YES_ERROR;
				CLANG_WARN_DOCUMENTATION_COMMENTS = YES;
				CLANG_WARN_EMPTY_BODY = YES;
				CLANG_WARN_ENUM_CONVERSION = YES;
				CLANG_WARN_INFINITE_RECURSION = YES;
				CLANG_WARN_INT_CONVERSION = YES;
				CLANG_WARN_OBJC_ROOT_CLASS = YES_ERROR;
				CLANG_WARN_SUSPICIOUS_MOVE = YES;
				CLANG_WARN_UNREACHABLE_CODE = YES;
				CLANG_WARN__DUPLICATE_METHOD_MATCH = YES;
				"CODE_SIGN_IDENTITY[sdk=iphoneos*]" = "iPhone Developer";
				COPY_PHASE_STRIP = NO;
				DEBUG_INFORMATION_FORMAT = dwarf;
				ENABLE_STRICT_OBJC_MSGSEND = YES;
				ENABLE_TESTABILITY = YES;
				GCC_C_LANGUAGE_STANDARD = gnu99;
				GCC_DYNAMIC_NO_PIC = NO;
				GCC_NO_COMMON_BLOCKS = YES;
				GCC_OPTIMIZATION_LEVEL = 0;
				GCC_PREPROCESSOR_DEFINITIONS = (
					"DEBUG=1",
					"$(inherited)",
				);
				GCC_WARN_64_TO_32_BIT_CONVERSION = YES;
				GCC_WARN_ABOUT_RETURN_TYPE = YES_ERROR;
				GCC_WARN_UNDECLARED_SELECTOR = YES;
				GCC_WARN_UNINITIALIZED_AUTOS = YES_AGGRESSIVE;
				GCC_WARN_UNUSED_FUNCTION = YES;
				GCC_WARN_UNUSED_VARIABLE = YES;
				IPHONEOS_DEPLOYMENT_TARGET = 10.3;
				MTL_ENABLE_DEBUG_INFO = YES;
				ONLY_ACTIVE_ARCH = YES;
				SDKROOT = iphoneos;
				SWIFT_ACTIVE_COMPILATION_CONDITIONS = DEBUG;
				SWIFT_OPTIMIZATION_LEVEL = "-Onone";
				TARGETED_DEVICE_FAMILY = "1,2";
			};
			name = Debug;
		};
		2C08DE7B1EC603ED00F95629 /* Release */ = {
			isa = XCBuildConfiguration;
			buildSettings = {
				ALWAYS_SEARCH_USER_PATHS = NO;
				CLANG_ANALYZER_NONNULL = YES;
				CLANG_ANALYZER_NUMBER_OBJECT_CONVERSION = YES_AGGRESSIVE;
				CLANG_CXX_LANGUAGE_STANDARD = "gnu++0x";
				CLANG_CXX_LIBRARY = "libc++";
				CLANG_ENABLE_MODULES = YES;
				CLANG_ENABLE_OBJC_ARC = YES;
				CLANG_WARN_BOOL_CONVERSION = YES;
				CLANG_WARN_CONSTANT_CONVERSION = YES;
				CLANG_WARN_DIRECT_OBJC_ISA_USAGE = YES_ERROR;
				CLANG_WARN_DOCUMENTATION_COMMENTS = YES;
				CLANG_WARN_EMPTY_BODY = YES;
				CLANG_WARN_ENUM_CONVERSION = YES;
				CLANG_WARN_INFINITE_RECURSION = YES;
				CLANG_WARN_INT_CONVERSION = YES;
				CLANG_WARN_OBJC_ROOT_CLASS = YES_ERROR;
				CLANG_WARN_SUSPICIOUS_MOVE = YES;
				CLANG_WARN_UNREACHABLE_CODE = YES;
				CLANG_WARN__DUPLICATE_METHOD_MATCH = YES;
				"CODE_SIGN_IDENTITY[sdk=iphoneos*]" = "iPhone Developer";
				COPY_PHASE_STRIP = NO;
				DEBUG_INFORMATION_FORMAT = "dwarf-with-dsym";
				ENABLE_NS_ASSERTIONS = NO;
				ENABLE_STRICT_OBJC_MSGSEND = YES;
				GCC_C_LANGUAGE_STANDARD = gnu99;
				GCC_NO_COMMON_BLOCKS = YES;
				GCC_WARN_64_TO_32_BIT_CONVERSION = YES;
				GCC_WARN_ABOUT_RETURN_TYPE = YES_ERROR;
				GCC_WARN_UNDECLARED_SELECTOR = YES;
				GCC_WARN_UNINITIALIZED_AUTOS = YES_AGGRESSIVE;
				GCC_WARN_UNUSED_FUNCTION = YES;
				GCC_WARN_UNUSED_VARIABLE = YES;
				IPHONEOS_DEPLOYMENT_TARGET = 10.3;
				MTL_ENABLE_DEBUG_INFO = NO;
				SDKROOT = iphoneos;
				SWIFT_OPTIMIZATION_LEVEL = "-Owholemodule";
				TARGETED_DEVICE_FAMILY = "1,2";
				VALIDATE_PRODUCT = YES;
			};
			name = Release;
		};
		2C08DE7D1EC603ED00F95629 /* Debug */ = {
			isa = XCBuildConfiguration;
			buildSettings = {
				ASSETCATALOG_COMPILER_APPICON_NAME = AppIcon;
				DEVELOPMENT_TEAM = Y7NU24T95U;
				INFOPLIST_FILE = VivintSolarDemo/Info.plist;
				LD_RUNPATH_SEARCH_PATHS = "$(inherited) @executable_path/Frameworks";
				PRODUCT_BUNDLE_IDENTIFIER = com.michelletessier.VivintSolarDemo;
				PRODUCT_NAME = "$(TARGET_NAME)";
				SWIFT_VERSION = 3.0;
			};
			name = Debug;
		};
		2C08DE7E1EC603ED00F95629 /* Release */ = {
			isa = XCBuildConfiguration;
			buildSettings = {
				ASSETCATALOG_COMPILER_APPICON_NAME = AppIcon;
				DEVELOPMENT_TEAM = Y7NU24T95U;
				INFOPLIST_FILE = VivintSolarDemo/Info.plist;
				LD_RUNPATH_SEARCH_PATHS = "$(inherited) @executable_path/Frameworks";
				PRODUCT_BUNDLE_IDENTIFIER = com.michelletessier.VivintSolarDemo;
				PRODUCT_NAME = "$(TARGET_NAME)";
				SWIFT_VERSION = 3.0;
			};
			name = Release;
		};
		2C08DE801EC603ED00F95629 /* Debug */ = {
			isa = XCBuildConfiguration;
			buildSettings = {
				ALWAYS_EMBED_SWIFT_STANDARD_LIBRARIES = YES;
				BUNDLE_LOADER = "$(TEST_HOST)";
				DEVELOPMENT_TEAM = Y7NU24T95U;
				INFOPLIST_FILE = VivintSolarDemoTests/Info.plist;
				LD_RUNPATH_SEARCH_PATHS = "$(inherited) @executable_path/Frameworks @loader_path/Frameworks";
				PRODUCT_BUNDLE_IDENTIFIER = com.michelletessier.VivintSolarDemoTests;
				PRODUCT_NAME = "$(TARGET_NAME)";
				SWIFT_VERSION = 3.0;
				TEST_HOST = "$(BUILT_PRODUCTS_DIR)/VivintSolarDemo.app/VivintSolarDemo";
			};
			name = Debug;
		};
		2C08DE811EC603ED00F95629 /* Release */ = {
			isa = XCBuildConfiguration;
			buildSettings = {
				ALWAYS_EMBED_SWIFT_STANDARD_LIBRARIES = YES;
				BUNDLE_LOADER = "$(TEST_HOST)";
				DEVELOPMENT_TEAM = Y7NU24T95U;
				INFOPLIST_FILE = VivintSolarDemoTests/Info.plist;
				LD_RUNPATH_SEARCH_PATHS = "$(inherited) @executable_path/Frameworks @loader_path/Frameworks";
				PRODUCT_BUNDLE_IDENTIFIER = com.michelletessier.VivintSolarDemoTests;
				PRODUCT_NAME = "$(TARGET_NAME)";
				SWIFT_VERSION = 3.0;
				TEST_HOST = "$(BUILT_PRODUCTS_DIR)/VivintSolarDemo.app/VivintSolarDemo";
			};
			name = Release;
		};
/* End XCBuildConfiguration section */

/* Begin XCConfigurationList section */
		2C08DE5A1EC603ED00F95629 /* Build configuration list for PBXProject "VivintSolarDemo" */ = {
			isa = XCConfigurationList;
			buildConfigurations = (
				2C08DE7A1EC603ED00F95629 /* Debug */,
				2C08DE7B1EC603ED00F95629 /* Release */,
			);
			defaultConfigurationIsVisible = 0;
			defaultConfigurationName = Release;
		};
		2C08DE7C1EC603ED00F95629 /* Build configuration list for PBXNativeTarget "VivintSolarDemo" */ = {
			isa = XCConfigurationList;
			buildConfigurations = (
				2C08DE7D1EC603ED00F95629 /* Debug */,
				2C08DE7E1EC603ED00F95629 /* Release */,
			);
			defaultConfigurationIsVisible = 0;
			defaultConfigurationName = Release;
		};
		2C08DE7F1EC603ED00F95629 /* Build configuration list for PBXNativeTarget "VivintSolarDemoTests" */ = {
			isa = XCConfigurationList;
			buildConfigurations = (
				2C08DE801EC603ED00F95629 /* Debug */,
				2C08DE811EC603ED00F95629 /* Release */,
			);
			defaultConfigurationIsVisible = 0;
			defaultConfigurationName = Release;
		};
/* End XCConfigurationList section */

/* Begin XCVersionGroup section */
		2C08DE8E1EC62D1E00F95629 /* VivintSolarDemoModel.xcdatamodeld */ = {
			isa = XCVersionGroup;
			children = (
				2C08DE8F1EC62D1E00F95629 /* VivintSolarDemoModel.xcdatamodel */,
			);
			currentVersion = 2C08DE8F1EC62D1E00F95629 /* VivintSolarDemoModel.xcdatamodel */;
			path = VivintSolarDemoModel.xcdatamodeld;
			sourceTree = "<group>";
			versionGroupType = wrapper.xcdatamodel;
		};
/* End XCVersionGroup section */
	};
	rootObject = 2C08DE571EC603ED00F95629 /* Project object */;
}
